
Microsoft Visual Studio Solution File, Format Version 12.00
# Visual Studio Version 17
VisualStudioVersion = 17.8.34525.116
MinimumVisualStudioVersion = 10.0.40219.1
Project("{FAE04EC0-301F-11D3-BF4B-00C04F79EFBC}") = "MVC_Day3", "MVC_Day3\MVC_Day3.csproj", "{83C8C4C7-63D0-4187-AA1F-F14FBA1110D4}"
EndProject
Global
	GlobalSection(SolutionConfigurationPlatforms) = preSolution
		Debug|Any CPU = Debug|Any CPU
		Release|Any CPU = Release|Any CPU
	EndGlobalSection
	GlobalSection(ProjectConfigurationPlatforms) = postSolution
		{83C8C4C7-63D0-4187-AA1F-F14FBA1110D4}.Debug|Any CPU.ActiveCfg = Debug|Any CPU
		{83C8C4C7-63D0-4187-AA1F-F14FBA1110D4}.Debug|Any CPU.Build.0 = Debug|Any CPU
		{83C8C4C7-63D0-4187-AA1F-F14FBA1110D4}.Release|Any CPU.ActiveCfg = Release|Any CPU
		{83C8C4C7-63D0-4187-AA1F-F14FBA1110D4}.Release|Any CPU.Build.0 = Release|Any CPU
	EndGlobalSection
	GlobalSection(SolutionProperties) = preSolution
		HideSolutionNode = FALSE
	EndGlobalSection
	GlobalSection(ExtensibilityGlobals) = postSolution
		SolutionGuid = {CCEAF10D-7073-48BC-B6C3-12C93F502140}
	EndGlobalSection
EndGlobal
